// !$*UTF8*$!
{
	archiveVersion = 1;
	classes = {
	};
	objectVersion = 50;
	objects = {

/* Begin PBXBuildFile section */
		FD2A9F25223D218B0014C9B2 /* AppDelegate.swift in Sources */ = {isa = PBXBuildFile; fileRef = FD2A9F24223D218B0014C9B2 /* AppDelegate.swift */; };
		FD2A9F27223D218B0014C9B2 /* ViewController.swift in Sources */ = {isa = PBXBuildFile; fileRef = FD2A9F26223D218B0014C9B2 /* ViewController.swift */; };
		FD2A9F2A223D218B0014C9B2 /* Main.storyboard in Resources */ = {isa = PBXBuildFile; fileRef = FD2A9F28223D218B0014C9B2 /* Main.storyboard */; };
		FD2A9F2C223D21900014C9B2 /* Assets.xcassets in Resources */ = {isa = PBXBuildFile; fileRef = FD2A9F2B223D21900014C9B2 /* Assets.xcassets */; };
		FD2A9F2F223D21900014C9B2 /* LaunchScreen.storyboard in Resources */ = {isa = PBXBuildFile; fileRef = FD2A9F2D223D21900014C9B2 /* LaunchScreen.storyboard */; };
		FD2A9F37223D21C20014C9B2 /* CustomSegmentControl.swift in Sources */ = {isa = PBXBuildFile; fileRef = FD2A9F36223D21C20014C9B2 /* CustomSegmentControl.swift */; };
/* End PBXBuildFile section */

/* Begin PBXFileReference section */
		FD2A9F21223D218B0014C9B2 /* CustomSegmentControl.app */ = {isa = PBXFileReference; explicitFileType = wrapper.application; includeInIndex = 0; path = CustomSegmentControl.app; sourceTree = BUILT_PRODUCTS_DIR; };
		FD2A9F24223D218B0014C9B2 /* AppDelegate.swift */ = {isa = PBXFileReference; lastKnownFileType = sourcecode.swift; path = AppDelegate.swift; sourceTree = "<group>"; };
		FD2A9F26223D218B0014C9B2 /* ViewController.swift */ = {isa = PBXFileReference; lastKnownFileType = sourcecode.swift; path = ViewController.swift; sourceTree = "<group>"; };
		FD2A9F29223D218B0014C9B2 /* Base */ = {isa = PBXFileReference; lastKnownFileType = file.storyboard; name = Base; path = Base.lproj/Main.storyboard; sourceTree = "<group>"; };
		FD2A9F2B223D21900014C9B2 /* Assets.xcassets */ = {isa = PBXFileReference; lastKnownFileType = folder.assetcatalog; path = Assets.xcassets; sourceTree = "<group>"; };
		FD2A9F2E223D21900014C9B2 /* Base */ = {isa = PBXFileReference; lastKnownFileType = file.storyboard; name = Base; path = Base.lproj/LaunchScreen.storyboard; sourceTree = "<group>"; };
		FD2A9F30223D21900014C9B2 /* Info.plist */ = {isa = PBXFileReference; lastKnownFileType = text.plist.xml; path = Info.plist; sourceTree = "<group>"; };
		FD2A9F36223D21C20014C9B2 /* CustomSegmentControl.swift */ = {isa = PBXFileReference; lastKnownFileType = sourcecode.swift; path = CustomSegmentControl.swift; sourceTree = "<group>"; };
/* End PBXFileReference section */

/* Begin PBXFrameworksBuildPhase section */
		FD2A9F1E223D218B0014C9B2 /* Frameworks */ = {
			isa = PBXFrameworksBuildPhase;
			buildActionMask = 2147483647;
			files = (
			);
			runOnlyForDeploymentPostprocessing = 0;
		};
/* End PBXFrameworksBuildPhase section */

/* Begin PBXGroup section */
		FD2A9F18223D218B0014C9B2 = {
			isa = PBXGroup;
			children = (
				FD2A9F23223D218B0014C9B2 /* CustomSegmentControl */,
				FD2A9F22223D218B0014C9B2 /* Products */,
			);
			sourceTree = "<group>";
		};
		FD2A9F22223D218B0014C9B2 /* Products */ = {
			isa = PBXGroup;
			children = (
				FD2A9F21223D218B0014C9B2 /* CustomSegmentControl.app */,
			);
			name = Products;
			sourceTree = "<group>";
		};
		FD2A9F23223D218B0014C9B2 /* CustomSegmentControl */ = {
			isa = PBXGroup;
			children = (
				FD2A9F24223D218B0014C9B2 /* AppDelegate.swift */,
				FD2A9F26223D218B0014C9B2 /* ViewController.swift */,
				FD2A9F28223D218B0014C9B2 /* Main.storyboard */,
				FD2A9F2B223D21900014C9B2 /* Assets.xcassets */,
				FD2A9F2D223D21900014C9B2 /* LaunchScreen.storyboard */,
				FD2A9F30223D21900014C9B2 /* Info.plist */,
				FD2A9F36223D21C20014C9B2 /* CustomSegmentControl.swift */,
			);
			path = CustomSegmentControl;
			sourceTree = "<group>";
		};
/* End PBXGroup section */

/* Begin PBXNativeTarget section */
		FD2A9F20223D218B0014C9B2 /* CustomSegmentControl */ = {
			isa = PBXNativeTarget;
			buildConfigurationList = FD2A9F33223D21900014C9B2 /* Build configuration list for PBXNativeTarget "CustomSegmentControl" */;
			buildPhases = (
				FD2A9F1D223D218B0014C9B2 /* Sources */,
				FD2A9F1E223D218B0014C9B2 /* Frameworks */,
				FD2A9F1F223D218B0014C9B2 /* Resources */,
			);
			buildRules = (
			);
			dependencies = (
			);
			name = CustomSegmentControl;
			productName = CustomSegmentControl;
			productReference = FD2A9F21223D218B0014C9B2 /* CustomSegmentControl.app */;
			productType = "com.apple.product-type.application";
		};
/* End PBXNativeTarget section */

/* Begin PBXProject section */
		FD2A9F19223D218B0014C9B2 /* Project object */ = {
			isa = PBXProject;
			attributes = {
				LastSwiftUpdateCheck = 1010;
				LastUpgradeCheck = 1010;
				ORGANIZATIONNAME = X901;
				TargetAttributes = {
					FD2A9F20223D218B0014C9B2 = {
						CreatedOnToolsVersion = 10.1;
					};
				};
			};
			buildConfigurationList = FD2A9F1C223D218B0014C9B2 /* Build configuration list for PBXProject "CustomSegmentControl" */;
			compatibilityVersion = "Xcode 9.3";
			developmentRegion = en;
			hasScannedForEncodings = 0;
			knownRegions = (
				en,
				Base,
			);
			mainGroup = FD2A9F18223D218B0014C9B2;
			productRefGroup = FD2A9F22223D218B0014C9B2 /* Products */;
			projectDirPath = "";
			projectRoot = "";
			targets = (
				FD2A9F20223D218B0014C9B2 /* CustomSegmentControl */,
			);
		};
/* End PBXProject section */

/* Begin PBXResourcesBuildPhase section */
		FD2A9F1F223D218B0014C9B2 /* Resources */ = {
			isa = PBXResourcesBuildPhase;
			buildActionMask = 2147483647;
			files = (
				FD2A9F2F223D21900014C9B2 /* LaunchScreen.storyboard in Resources */,
				FD2A9F2C223D21900014C9B2 /* Assets.xcassets in Resources */,
				FD2A9F2A223D218B0014C9B2 /* Main.storyboard in Resources */,
			);
			runOnlyForDeploymentPostprocessing = 0;
		};
/* End PBXResourcesBuildPhase section */

/* Begin PBXSourcesBuildPhase section */
		FD2A9F1D223D218B0014C9B2 /* Sources */ = {
			isa = PBXSourcesBuildPhase;
			buildActionMask = 2147483647;
			files = (
				FD2A9F37223D21C20014C9B2 /* CustomSegmentControl.swift in Sources */,
				FD2A9F27223D218B0014C9B2 /* ViewController.swift in Sources */,
				FD2A9F25223D218B0014C9B2 /* AppDelegate.swift in Sources */,
			);
			runOnlyForDeploymentPostprocessing = 0;
		};
/* End PBXSourcesBuildPhase section */

/* Begin PBXVariantGroup section */
		FD2A9F28223D218B0014C9B2 /* Main.storyboard */ = {
			isa = PBXVariantGroup;
			children = (
				FD2A9F29223D218B0014C9B2 /* Base */,
			);
			name = Main.storyboard;
			sourceTree = "<group>";
		};
		FD2A9F2D223D21900014C9B2 /* LaunchScreen.storyboard */ = {
			isa = PBXVariantGroup;
			children = (
				FD2A9F2E223D21900014C9B2 /* Base */,
			);
			name = LaunchScreen.storyboard;
			sourceTree = "<group>";
		};
/* End PBXVariantGroup section */

/* Begin XCBuildConfiguration section */
		FD2A9F31223D21900014C9B2 /* Debug */ = {
			isa = XCBuildConfiguration;
			buildSettings = {
				ALWAYS_SEARCH_USER_PATHS = NO;
				CLANG_ANALYZER_NONNULL = YES;
				CLANG_ANALYZER_NUMBER_OBJECT_CONVERSION = YES_AGGRESSIVE;
				CLANG_CXX_LANGUAGE_STANDARD = "gnu++14";
				CLANG_CXX_LIBRARY = "libc++";
				CLANG_ENABLE_MODULES = YES;
				CLANG_ENABLE_OBJC_ARC = YES;
				CLANG_ENABLE_OBJC_WEAK = YES;
				CLANG_WARN_BLOCK_CAPTURE_AUTORELEASING = YES;
				CLANG_WARN_BOOL_CONVERSION = YES;
				CLANG_WARN_COMMA = YES;
				CLANG_WARN_CONSTANT_CONVERSION = YES;
				CLANG_WARN_DEPRECATED_OBJC_IMPLEMENTATIONS = YES;
				CLANG_WARN_DIRECT_OBJC_ISA_USAGE = YES_ERROR;
				CLANG_WARN_DOCUMENTATION_COMMENTS = YES;
				CLANG_WARN_EMPTY_BODY = YES;
				CLANG_WARN_ENUM_CONVERSION = YES;
				CLANG_WARN_INFINITE_RECURSION = YES;
				CLANG_WARN_INT_CONVERSION = YES;
				CLANG_WARN_NON_LITERAL_NULL_CONVERSION = YES;
				CLANG_WARN_OBJC_IMPLICIT_RETAIN_SELF = YES;
				CLANG_WARN_OBJC_LITERAL_CONVERSION = YES;
				CLANG_WARN_OBJC_ROOT_CLASS = YES_ERROR;
				CLANG_WARN_RANGE_LOOP_ANALYSIS = YES;
				CLANG_WARN_STRICT_PROTOTYPES = YES;
				CLANG_WARN_SUSPICIOUS_MOVE = YES;
				CLANG_WARN_UNGUARDED_AVAILABILITY = YES_AGGRESSIVE;
				CLANG_WARN_UNREACHABLE_CODE = YES;
				CLANG_WARN__DUPLICATE_METHOD_MATCH = YES;
				CODE_SIGN_IDENTITY = "iPhone Developer";
				COPY_PHASE_STRIP = NO;
				DEBUG_INFORMATION_FORMAT = dwarf;
				ENABLE_STRICT_OBJC_MSGSEND = YES;
				ENABLE_TESTABILITY = YES;
				GCC_C_LANGUAGE_STANDARD = gnu11;
				GCC_DYNAMIC_NO_PIC = NO;
				GCC_NO_COMMON_BLOCKS = YES;
				GCC_OPTIMIZATION_LEVEL = 0;
				GCC_PREPROCESSOR_DEFINITIONS = (
					"DEBUG=1",
					"$(inherited)",
				);
				GCC_WARN_64_TO_32_BIT_CONVERSION = YES;
				GCC_WARN_ABOUT_RETURN_TYPE = YES_ERROR;
				GCC_WARN_UNDECLARED_SELECTOR = YES;
				GCC_WARN_UNINITIALIZED_AUTOS = YES_AGGRESSIVE;
				GCC_WARN_UNUSED_FUNCTION = YES;
				GCC_WARN_UNUSED_VARIABLE = YES;
				IPHONEOS_DEPLOYMENT_TARGET = 12.1;
				MTL_ENABLE_DEBUG_INFO = INCLUDE_SOURCE;
				MTL_FAST_MATH = YES;
				ONLY_ACTIVE_ARCH = YES;
				SDKROOT = iphoneos;
				SWIFT_ACTIVE_COMPILATION_CONDITIONS = DEBUG;
				SWIFT_OPTIMIZATION_LEVEL = "-Onone";
			};
			name = Debug;
		};
		FD2A9F32223D21900014C9B2 /* Release */ = {
			isa = XCBuildConfiguration;
			buildSettings = {
				ALWAYS_SEARCH_USER_PATHS = NO;
				CLANG_ANALYZER_NONNULL = YES;
				CLANG_ANALYZER_NUMBER_OBJECT_CONVERSION = YES_AGGRESSIVE;
				CLANG_CXX_LANGUAGE_STANDARD = "gnu++14";
				CLANG_CXX_LIBRARY = "libc++";
				CLANG_ENABLE_MODULES = YES;
				CLANG_ENABLE_OBJC_ARC = YES;
				CLANG_ENABLE_OBJC_WEAK = YES;
				CLANG_WARN_BLOCK_CAPTURE_AUTORELEASING = YES;
				CLANG_WARN_BOOL_CONVERSION = YES;
				CLANG_WARN_COMMA = YES;
				CLANG_WARN_CONSTANT_CONVERSION = YES;
				CLANG_WARN_DEPRECATED_OBJC_IMPLEMENTATIONS = YES;
				CLANG_WARN_DIRECT_OBJC_ISA_USAGE = YES_ERROR;
				CLANG_WARN_DOCUMENTATION_COMMENTS = YES;
				CLANG_WARN_EMPTY_BODY = YES;
				CLANG_WARN_ENUM_CONVERSION = YES;
				CLANG_WARN_INFINITE_RECURSION = YES;
				CLANG_WARN_INT_CONVERSION = YES;
				CLANG_WARN_NON_LITERAL_NULL_CONVERSION = YES;
				CLANG_WARN_OBJC_IMPLICIT_RETAIN_SELF = YES;
				CLANG_WARN_OBJC_LITERAL_CONVERSION = YES;
				CLANG_WARN_OBJC_ROOT_CLASS = YES_ERROR;
				CLANG_WARN_RANGE_LOOP_ANALYSIS = YES;
				CLANG_WARN_STRICT_PROTOTYPES = YES;
				CLANG_WARN_SUSPICIOUS_MOVE = YES;
				CLANG_WARN_UNGUARDED_AVAILABILITY = YES_AGGRESSIVE;
				CLANG_WARN_UNREACHABLE_CODE = YES;
				CLANG_WARN__DUPLICATE_METHOD_MATCH = YES;
				CODE_SIGN_IDENTITY = "iPhone Developer";
				COPY_PHASE_STRIP = NO;
				DEBUG_INFORMATION_FORMAT = "dwarf-with-dsym";
				ENABLE_NS_ASSERTIONS = NO;
				ENABLE_STRICT_OBJC_MSGSEND = YES;
				GCC_C_LANGUAGE_STANDARD = gnu11;
				GCC_NO_COMMON_BLOCKS = YES;
				GCC_WARN_64_TO_32_BIT_CONVERSION = YES;
				GCC_WARN_ABOUT_RETURN_TYPE = YES_ERROR;
				GCC_WARN_UNDECLARED_SELECTOR = YES;
				GCC_WARN_UNINITIALIZED_AUTOS = YES_AGGRESSIVE;
				GCC_WARN_UNUSED_FUNCTION = YES;
				GCC_WARN_UNUSED_VARIABLE = YES;
				IPHONEOS_DEPLOYMENT_TARGET = 12.1;
				MTL_ENABLE_DEBUG_INFO = NO;
				MTL_FAST_MATH = YES;
				SDKROOT = iphoneos;
				SWIFT_COMPILATION_MODE = wholemodule;
				SWIFT_OPTIMIZATION_LEVEL = "-O";
				VALIDATE_PRODUCT = YES;
			};
			name = Release;
		};
		FD2A9F34223D21900014C9B2 /* Debug */ = {
			isa = XCBuildConfiguration;
			buildSettings = {
				ASSETCATALOG_COMPILER_APPICON_NAME = AppIcon;
				CODE_SIGN_STYLE = Automatic;
				DEVELOPMENT_TEAM = CP92CMD5E4;
				INFOPLIST_FILE = CustomSegmentControl/Info.plist;
				LD_RUNPATH_SEARCH_PATHS = (
					"$(inherited)",
					"@executable_path/Frameworks",
				);
				PRODUCT_BUNDLE_IDENTIFIER = com.basil.CustomSegmentControl;
				PRODUCT_NAME = "$(TARGET_NAME)";
				SWIFT_VERSION = 4.2;
				TARGETED_DEVICE_FAMILY = "1,2";
			};
			name = Debug;
		};
		FD2A9F35223D21900014C9B2 /* Release */ = {
			isa = XCBuildConfiguration;
			buildSettings = {
				ASSETCATALOG_COMPILER_APPICON_NAME = AppIcon;
				CODE_SIGN_STYLE = Automatic;
				DEVELOPMENT_TEAM = CP92CMD5E4;
				INFOPLIST_FILE = CustomSegmentControl/Info.plist;
				LD_RUNPATH_SEARCH_PATHS = (
					"$(inherited)",
					"@executable_path/Frameworks",
				);
				PRODUCT_BUNDLE_IDENTIFIER = com.basil.CustomSegmentControl;
				PRODUCT_NAME = "$(TARGET_NAME)";
				SWIFT_VERSION = 4.2;
				TARGETED_DEVICE_FAMILY = "1,2";
			};
			name = Release;
		};
/* End XCBuildConfiguration section */

/* Begin XCConfigurationList section */
		FD2A9F1C223D218B0014C9B2 /* Build configuration list for PBXProject "CustomSegmentControl" */ = {
			isa = XCConfigurationList;
			buildConfigurations = (
				FD2A9F31223D21900014C9B2 /* Debug */,
				FD2A9F32223D21900014C9B2 /* Release */,
			);
			defaultConfigurationIsVisible = 0;
			defaultConfigurationName = Release;
		};
		FD2A9F33223D21900014C9B2 /* Build configuration list for PBXNativeTarget "CustomSegmentControl" */ = {
			isa = XCConfigurationList;
			buildConfigurations = (
				FD2A9F34223D21900014C9B2 /* Debug */,
				FD2A9F35223D21900014C9B2 /* Release */,
			);
			defaultConfigurationIsVisible = 0;
			defaultConfigurationName = Release;
		};
/* End XCConfigurationList section */
	};
	rootObject = FD2A9F19223D218B0014C9B2 /* Project object */;
}
